
Microsoft Visual Studio Solution File, Format Version 12.00
# Visual Studio 2012
Project("{8BC9CEB8-8B4A-11D0-8D11-00A0C91BC942}") = "KMPAlgo", "KMPAlgo\KMPAlgo.vcxproj", "{37C319F1-9416-4558-9AC0-B9657EFCE72D}"
EndProject
Global
	GlobalSection(SolutionConfigurationPlatforms) = preSolution
		Debug|Win32 = Debug|Win32
		Release|Win32 = Release|Win32
	EndGlobalSection
	GlobalSection(ProjectConfigurationPlatforms) = postSolution
		{37C319F1-9416-4558-9AC0-B9657EFCE72D}.Debug|Win32.ActiveCfg = Debug|Win32
		{37C319F1-9416-4558-9AC0-B9657EFCE72D}.Debug|Win32.Build.0 = Debug|Win32
		{37C319F1-9416-4558-9AC0-B9657EFCE72D}.Release|Win32.ActiveCfg = Release|Win32
		{37C319F1-9416-4558-9AC0-B9657EFCE72D}.Release|Win32.Build.0 = Release|Win32
	EndGlobalSection
	GlobalSection(SolutionProperties) = preSolution
		HideSolutionNode = FALSE
	EndGlobalSection
EndGlobal
